<?xml version="1.0" encoding="utf-8"?>
<Project ToolsVersion="4.0" xmlns="http://schemas.microsoft.com/developer/msbuild/2003">
  <ItemGroup>
    <Filter Include="Quelldateien">
      <UniqueIdentifier>{4FC737F1-C7A5-4376-A066-2A32D752A2FF}</UniqueIdentifier>
      <Extensions>cpp;c;cc;cxx;c++;cppm;ixx;def;odl;idl;hpj;bat;asm;asmx</Extensions>
    </Filter>
    <Filter Include="Headerdateien">
      <UniqueIdentifier>{93995380-89BD-4b04-88EB-625FBE52EBFB}</UniqueIdentifier>
      <Extensions>h;hh;hpp;hxx;h++;hm;inl;inc;ipp;xsd</Extensions>
    </Filter>
    <Filter Include="Ressourcendateien">
      <UniqueIdentifier>{67DA6AB6-F800-4c08-8B7A-83BB121AAD01}</UniqueIdentifier>
      <Extensions>rc;ico;cur;bmp;dlg;rc2;rct;bin;rgs;gif;jpg;jpeg;jpe;resx;tiff;tif;png;wav;mfcribbon-ms</Extensions>
    </Filter>
  </ItemGroup>
  <ItemGroup>
    <ClInclude Include="CApp.h">
      <Filter>Headerdateien</Filter>
    </ClInclude>
    <ClInclude Include="RayTracer\Image.h">
      <Filter>Headerdateien</Filter>
    </ClInclude>
    <ClInclude Include="RayTracer\Scene.h">
      <Filter>Headerdateien</Filter>
    </ClInclude>
    <ClInclude Include="qbLinAlg\qbEIG.h">
      <Filter>Headerdateien</Filter>
    </ClInclude>
    <ClInclude Include="qbLinAlg\qbLinSolve.h">
      <Filter>Headerdateien</Filter>
    </ClInclude>
    <ClInclude Include="qbLinAlg\qbLSQ.h">
      <Filter>Headerdateien</Filter>
    </ClInclude>
    <ClInclude Include="qbLinAlg\qbMatrix.h">
      <Filter>Headerdateien</Filter>
    </ClInclude>
    <ClInclude Include="qbLinAlg\qbMatrix33.hpp">
      <Filter>Headerdateien</Filter>
    </ClInclude>
    <ClInclude Include="qbLinAlg\qbMatrix44.hpp">
      <Filter>Headerdateien</Filter>
    </ClInclude>
    <ClInclude Include="qbLinAlg\qbPCA.h">
      <Filter>Headerdateien</Filter>
    </ClInclude>
    <ClInclude Include="qbLinAlg\qbQR.h">
      <Filter>Headerdateien</Filter>
    </ClInclude>
    <ClInclude Include="qbLinAlg\qbVector.h">
      <Filter>Headerdateien</Filter>
    </ClInclude>
    <ClInclude Include="qbLinAlg\qbVector2.hpp">
      <Filter>Headerdateien</Filter>
    </ClInclude>
    <ClInclude Include="qbLinAlg\qbVector3.hpp">
      <Filter>Headerdateien</Filter>
    </ClInclude>
    <ClInclude Include="qbLinAlg\qbVector4.hpp">
      <Filter>Headerdateien</Filter>
    </ClInclude>
    <ClInclude Include="RayTracer\Ray.h">
      <Filter>Headerdateien</Filter>
    </ClInclude>
    <ClInclude Include="RayTracer\Camera.h">
      <Filter>Headerdateien</Filter>
    </ClInclude>
    <ClInclude Include="RayTracer\Primatives\ObjectBase.h">
      <Filter>Headerdateien</Filter>
    </ClInclude>
    <ClInclude Include="RayTracer\Primatives\ObjectSphere.h">
      <Filter>Headerdateien</Filter>
    </ClInclude>
    <ClInclude Include="RayTracer\Lights\LightBase.h">
      <Filter>Headerdateien</Filter>
    </ClInclude>
    <ClInclude Include="RayTracer\Lights\PointLight.h">
      <Filter>Headerdateien</Filter>
    </ClInclude>
    <ClInclude Include="RayTracer\GTFM.h">
      <Filter>Headerdateien</Filter>
    </ClInclude>
    <ClInclude Include="RayTracer\Primatives\ObjectPlane.h">
      <Filter>Headerdateien</Filter>
    </ClInclude>
    <ClInclude Include="RayTracer\Materials\MaterialBase.h">
      <Filter>Headerdateien</Filter>
    </ClInclude>
  </ItemGroup>
  <ItemGroup>
    <ClCompile Include="CApp.cpp">
      <Filter>Quelldateien</Filter>
    </ClCompile>
    <ClCompile Include="Main.cpp">
      <Filter>Quelldateien</Filter>
    </ClCompile>
    <ClCompile Include="RayTracer\Image.cpp">
      <Filter>Quelldateien</Filter>
    </ClCompile>
    <ClCompile Include="RayTracer\Scene.cpp">
      <Filter>Quelldateien</Filter>
    </ClCompile>
    <ClCompile Include="RayTracer\Ray.cpp">
      <Filter>Quelldateien</Filter>
    </ClCompile>
    <ClCompile Include="RayTracer\Camera.cpp">
      <Filter>Quelldateien</Filter>
    </ClCompile>
    <ClCompile Include="RayTracer\Primatives\ObjectBase.cpp">
      <Filter>Quelldateien</Filter>
    </ClCompile>
    <ClCompile Include="RayTracer\Primatives\ObjectSphere.cpp">
      <Filter>Quelldateien</Filter>
    </ClCompile>
    <ClCompile Include="RayTracer\Lights\LightBase.cpp">
      <Filter>Quelldateien</Filter>
    </ClCompile>
    <ClCompile Include="RayTracer\Lights\PointLight.cpp">
      <Filter>Quelldateien</Filter>
    </ClCompile>
    <ClCompile Include="RayTracer\GTFM.cpp">
      <Filter>Quelldateien</Filter>
    </ClCompile>
    <ClCompile Include="RayTracer\Primatives\ObjectPlane.cpp">
      <Filter>Quelldateien</Filter>
    </ClCompile>
    <ClCompile Include="RayTracer\Materials\MaterialBase.cpp">
      <Filter>Quelldateien</Filter>
    </ClCompile>
  </ItemGroup>
  <ItemGroup>
    <None Include="qbLinAlg\.gitignore" />
    <None Include="qbLinAlg\LICENSE" />
    <None Include="qbLinAlg\README.md" />
  </ItemGroup>
</Project>